
Microsoft Visual Studio Solution File, Format Version 11.00
# Visual Studio 2010
Project("{8BC9CEB8-8B4A-11D0-8D11-00A0C91BC942}") = "GIS21_图说地理", "GIS21_图说地理.vcxproj", "{8DABD3B3-1741-41D5-8B5E-A5B76101442D}"
EndProject
Global
	GlobalSection(SolutionConfigurationPlatforms) = preSolution
		Debug|Win32 = Debug|Win32
		Release|Win32 = Release|Win32
	EndGlobalSection
	GlobalSection(ProjectConfigurationPlatforms) = postSolution
		{8DABD3B3-1741-41D5-8B5E-A5B76101442D}.Debug|Win32.ActiveCfg = Debug|Win32
		{8DABD3B3-1741-41D5-8B5E-A5B76101442D}.Debug|Win32.Build.0 = Debug|Win32
		{8DABD3B3-1741-41D5-8B5E-A5B76101442D}.Release|Win32.ActiveCfg = Release|Win32
		{8DABD3B3-1741-41D5-8B5E-A5B76101442D}.Release|Win32.Build.0 = Release|Win32
	EndGlobalSection
	GlobalSection(SolutionProperties) = preSolution
		HideSolutionNode = FALSE
	EndGlobalSection
EndGlobal
